
Microsoft Visual Studio Solution File, Format Version 12.00
# Visual Studio Version 17
VisualStudioVersion = 17.9.34728.123
MinimumVisualStudioVersion = 10.0.40219.1
Project("{FAE04EC0-301F-11D3-BF4B-00C04F79EFBC}") = "APIFinantial", "APIFinantial\APIFinantial.csproj", "{7372D6EB-CE00-42AD-A411-73F1673AC0C6}"
EndProject
Global
	GlobalSection(SolutionConfigurationPlatforms) = preSolution
		Debug|Any CPU = Debug|Any CPU
		Release|Any CPU = Release|Any CPU
	EndGlobalSection
	GlobalSection(ProjectConfigurationPlatforms) = postSolution
		{7372D6EB-CE00-42AD-A411-73F1673AC0C6}.Debug|Any CPU.ActiveCfg = Debug|Any CPU
		{7372D6EB-CE00-42AD-A411-73F1673AC0C6}.Debug|Any CPU.Build.0 = Debug|Any CPU
		{7372D6EB-CE00-42AD-A411-73F1673AC0C6}.Release|Any CPU.ActiveCfg = Release|Any CPU
		{7372D6EB-CE00-42AD-A411-73F1673AC0C6}.Release|Any CPU.Build.0 = Release|Any CPU
	EndGlobalSection
	GlobalSection(SolutionProperties) = preSolution
		HideSolutionNode = FALSE
	EndGlobalSection
	GlobalSection(ExtensibilityGlobals) = postSolution
		SolutionGuid = {FCAAC169-61E5-4BAC-B77D-D23C05F3F51D}
	EndGlobalSection
EndGlobal
